
Microsoft Visual Studio Solution File, Format Version 12.00
# Visual Studio Version 17
VisualStudioVersion = 17.14.36518.9 d17.14
MinimumVisualStudioVersion = 10.0.40219.1
Project("{FAE04EC0-301F-11D3-BF4B-00C04F79EFBC}") = "frontend", "frontend.csproj", "{40093089-BD4C-491C-ACBA-C0D95CF8FFB7}"
EndProject
Global
	GlobalSection(SolutionConfigurationPlatforms) = preSolution
		Debug|Any CPU = Debug|Any CPU
		Release|Any CPU = Release|Any CPU
	EndGlobalSection
	GlobalSection(ProjectConfigurationPlatforms) = postSolution
		{40093089-BD4C-491C-ACBA-C0D95CF8FFB7}.Debug|Any CPU.ActiveCfg = Debug|Any CPU
		{40093089-BD4C-491C-ACBA-C0D95CF8FFB7}.Debug|Any CPU.Build.0 = Debug|Any CPU
		{40093089-BD4C-491C-ACBA-C0D95CF8FFB7}.Release|Any CPU.ActiveCfg = Release|Any CPU
		{40093089-BD4C-491C-ACBA-C0D95CF8FFB7}.Release|Any CPU.Build.0 = Release|Any CPU
	EndGlobalSection
	GlobalSection(SolutionProperties) = preSolution
		HideSolutionNode = FALSE
	EndGlobalSection
	GlobalSection(ExtensibilityGlobals) = postSolution
		SolutionGuid = {D3B126AC-8EC5-41A3-A34E-8A4C0FE65F19}
	EndGlobalSection
EndGlobal
